
Microsoft Visual Studio Solution File, Format Version 12.00
# Visual Studio Version 17
VisualStudioVersion = 17.8.34330.188
MinimumVisualStudioVersion = 10.0.40219.1
Project("{9A19103F-16F7-4668-BE54-9A1E7A4F7556}") = "MovieAppRazorPages", "MovieAppRazorPages\MovieAppRazorPages.csproj", "{73D7EB7A-C118-48E0-BFAE-D885F823CBC1}"
EndProject
Global
	GlobalSection(SolutionConfigurationPlatforms) = preSolution
		Debug|Any CPU = Debug|Any CPU
		Release|Any CPU = Release|Any CPU
	EndGlobalSection
	GlobalSection(ProjectConfigurationPlatforms) = postSolution
		{73D7EB7A-C118-48E0-BFAE-D885F823CBC1}.Debug|Any CPU.ActiveCfg = Debug|Any CPU
		{73D7EB7A-C118-48E0-BFAE-D885F823CBC1}.Debug|Any CPU.Build.0 = Debug|Any CPU
		{73D7EB7A-C118-48E0-BFAE-D885F823CBC1}.Release|Any CPU.ActiveCfg = Release|Any CPU
		{73D7EB7A-C118-48E0-BFAE-D885F823CBC1}.Release|Any CPU.Build.0 = Release|Any CPU
	EndGlobalSection
	GlobalSection(SolutionProperties) = preSolution
		HideSolutionNode = FALSE
	EndGlobalSection
	GlobalSection(ExtensibilityGlobals) = postSolution
		SolutionGuid = {DE3F89F9-04DB-4299-ACB4-C4B17572F0E2}
	EndGlobalSection
EndGlobal
